{
  "originHash" : "6a202deffdc703b44bfca1c4f8b1e19f60e4ec8133c4e499ac964fe4f27d2df8",
  "pins" : [
    {
      "identity" : "wwjavascriptcontext",
      "kind" : "remoteSourceControl",
      "location" : "https://github.com/William-Weng/WWJavaScriptContext",
      "state" : {
        "revision" : "605cb0a6f03fd007661ecd2586328a23c6665ab1",
        "version" : "1.0.4"
      }
    },
    {
      "identity" : "wwjavascriptcontext_pinyin",
      "kind" : "remoteSourceControl",
      "location" : "https://github.com/William-Weng/WWJavaScriptContext_Pinyin",
      "state" : {
        "revision" : "f9ca92db45b7a0eb0856ef2985008f866d1a0358",
        "version" : "1.0.4"
      }
    }
  ],
  "version" : 3
}
