{
  "originHash" : "6a202deffdc703b44bfca1c4f8b1e19f60e4ec8133c4e499ac964fe4f27d2df8",
  "pins" : [
    {
      "identity" : "wwjavascriptcontext",
      "kind" : "remoteSourceControl",
      "location" : "https://github.com/William-Weng/WWJavaScriptContext",
      "state" : {
        "revision" : "605cb0a6f03fd007661ecd2586328a23c6665ab1",
        "version" : "1.0.4"
      }
    },
    {
      "identity" : "wwjavascriptcontext_pinyin",
      "kind" : "remoteSourceControl",
      "location" : "https://github.com/William-Weng/WWJavaScriptContext_Pinyin",
      "state" : {
        "revision" : "62b579dcf4def50886427f7f093488a4776c100f",
        "version" : "1.0.5"
      }
    }
  ],
  "version" : 3
}
